
Microsoft Visual Studio Solution File, Format Version 12.00
# Visual Studio Version 17
VisualStudioVersion = 17.9.34728.123
MinimumVisualStudioVersion = 10.0.40219.1
Project("{FAE04EC0-301F-11D3-BF4B-00C04F79EFBC}") = "AsyncExample", "AsyncExample.csproj", "{035B9EDD-FF12-4CBB-B54E-6AF7822784E6}"
EndProject
Global
	GlobalSection(SolutionConfigurationPlatforms) = preSolution
		Debug|Any CPU = Debug|Any CPU
		Release|Any CPU = Release|Any CPU
	EndGlobalSection
	GlobalSection(ProjectConfigurationPlatforms) = postSolution
		{035B9EDD-FF12-4CBB-B54E-6AF7822784E6}.Debug|Any CPU.ActiveCfg = Debug|Any CPU
		{035B9EDD-FF12-4CBB-B54E-6AF7822784E6}.Debug|Any CPU.Build.0 = Debug|Any CPU
		{035B9EDD-FF12-4CBB-B54E-6AF7822784E6}.Release|Any CPU.ActiveCfg = Release|Any CPU
		{035B9EDD-FF12-4CBB-B54E-6AF7822784E6}.Release|Any CPU.Build.0 = Release|Any CPU
	EndGlobalSection
	GlobalSection(SolutionProperties) = preSolution
		HideSolutionNode = FALSE
	EndGlobalSection
	GlobalSection(ExtensibilityGlobals) = postSolution
		SolutionGuid = {2EE91812-61D4-4C66-84A5-CBF6E17764DC}
	EndGlobalSection
EndGlobal
